// !$*UTF8*$!
{
	archiveVersion = 1;
	classes = {
	};
	objectVersion = 50;
	objects = {

/* Begin PBXBuildFile section */
		011803302297C656005AD4AA /* CYBLunBoView.m in Sources */ = {isa = PBXBuildFile; fileRef = 0118032F2297C656005AD4AA /* CYBLunBoView.m */; };
		01C2CBB9228A52B00009E0FD /* Assets.xcassets in Resources */ = {isa = PBXBuildFile; fileRef = 01C2CBAA228A52B00009E0FD /* Assets.xcassets */; };
		01C2CBBA228A52B00009E0FD /* ViewController.m in Sources */ = {isa = PBXBuildFile; fileRef = 01C2CBAB228A52B00009E0FD /* ViewController.m */; };
		01C2CBBB228A52B00009E0FD /* LaunchScreen.storyboard in Resources */ = {isa = PBXBuildFile; fileRef = 01C2CBAC228A52B00009E0FD /* LaunchScreen.storyboard */; };
		01C2CBBC228A52B00009E0FD /* Main.storyboard in Resources */ = {isa = PBXBuildFile; fileRef = 01C2CBAE228A52B00009E0FD /* Main.storyboard */; };
		01C2CBBD228A52B00009E0FD /* main.m in Sources */ = {isa = PBXBuildFile; fileRef = 01C2CBB0228A52B00009E0FD /* main.m */; };
		01C2CBBE228A52B00009E0FD /* AppDelegate.m in Sources */ = {isa = PBXBuildFile; fileRef = 01C2CBB1228A52B00009E0FD /* AppDelegate.m */; };
		01C2CBC0228A52B00009E0FD /* CYBTextView.m in Sources */ = {isa = PBXBuildFile; fileRef = 01C2CBB6228A52B00009E0FD /* CYBTextView.m */; };
		01C2CBC1228A52B00009E0FD /* CYBScrollLabel.m in Sources */ = {isa = PBXBuildFile; fileRef = 01C2CBB7228A52B00009E0FD /* CYBScrollLabel.m */; };
/* End PBXBuildFile section */

/* Begin PBXFileReference section */
		0118032E2297C656005AD4AA /* CYBLunBoView.h */ = {isa = PBXFileReference; lastKnownFileType = sourcecode.c.h; path = CYBLunBoView.h; sourceTree = "<group>"; };
		0118032F2297C656005AD4AA /* CYBLunBoView.m */ = {isa = PBXFileReference; lastKnownFileType = sourcecode.c.objc; path = CYBLunBoView.m; sourceTree = "<group>"; };
		01A6571A2288F3DD008108DF /* CYBKitDemo.app */ = {isa = PBXFileReference; explicitFileType = wrapper.application; includeInIndex = 0; path = CYBKitDemo.app; sourceTree = BUILT_PRODUCTS_DIR; };
		01C2CBA9228A52B00009E0FD /* AppDelegate.h */ = {isa = PBXFileReference; fileEncoding = 4; lastKnownFileType = sourcecode.c.h; path = AppDelegate.h; sourceTree = "<group>"; };
		01C2CBAA228A52B00009E0FD /* Assets.xcassets */ = {isa = PBXFileReference; lastKnownFileType = folder.assetcatalog; path = Assets.xcassets; sourceTree = "<group>"; };
		01C2CBAB228A52B00009E0FD /* ViewController.m */ = {isa = PBXFileReference; fileEncoding = 4; lastKnownFileType = sourcecode.c.objc; path = ViewController.m; sourceTree = "<group>"; };
		01C2CBAD228A52B00009E0FD /* Base */ = {isa = PBXFileReference; lastKnownFileType = file.storyboard; name = Base; path = Base.lproj/LaunchScreen.storyboard; sourceTree = "<group>"; };
		01C2CBAF228A52B00009E0FD /* Base */ = {isa = PBXFileReference; lastKnownFileType = file.storyboard; name = Base; path = Base.lproj/Main.storyboard; sourceTree = "<group>"; };
		01C2CBB0228A52B00009E0FD /* main.m */ = {isa = PBXFileReference; fileEncoding = 4; lastKnownFileType = sourcecode.c.objc; path = main.m; sourceTree = "<group>"; };
		01C2CBB1228A52B00009E0FD /* AppDelegate.m */ = {isa = PBXFileReference; fileEncoding = 4; lastKnownFileType = sourcecode.c.objc; path = AppDelegate.m; sourceTree = "<group>"; };
		01C2CBB2228A52B00009E0FD /* Info.plist */ = {isa = PBXFileReference; fileEncoding = 4; lastKnownFileType = text.plist.xml; path = Info.plist; sourceTree = "<group>"; };
		01C2CBB3228A52B00009E0FD /* ViewController.h */ = {isa = PBXFileReference; fileEncoding = 4; lastKnownFileType = sourcecode.c.h; path = ViewController.h; sourceTree = "<group>"; };
		01C2CBB5228A52B00009E0FD /* CYBScrollLabel.h */ = {isa = PBXFileReference; fileEncoding = 4; lastKnownFileType = sourcecode.c.h; path = CYBScrollLabel.h; sourceTree = "<group>"; };
		01C2CBB6228A52B00009E0FD /* CYBTextView.m */ = {isa = PBXFileReference; fileEncoding = 4; lastKnownFileType = sourcecode.c.objc; path = CYBTextView.m; sourceTree = "<group>"; };
		01C2CBB7228A52B00009E0FD /* CYBScrollLabel.m */ = {isa = PBXFileReference; fileEncoding = 4; lastKnownFileType = sourcecode.c.objc; path = CYBScrollLabel.m; sourceTree = "<group>"; };
		01C2CBB8228A52B00009E0FD /* CYBTextView.h */ = {isa = PBXFileReference; fileEncoding = 4; lastKnownFileType = sourcecode.c.h; path = CYBTextView.h; sourceTree = "<group>"; };
/* End PBXFileReference section */

/* Begin PBXFrameworksBuildPhase section */
		01A657172288F3DD008108DF /* Frameworks */ = {
			isa = PBXFrameworksBuildPhase;
			buildActionMask = 2147483647;
			files = (
			);
			runOnlyForDeploymentPostprocessing = 0;
		};
/* End PBXFrameworksBuildPhase section */

/* Begin PBXGroup section */
		01A657112288F3DD008108DF = {
			isa = PBXGroup;
			children = (
				01C2CBA8228A52B00009E0FD /* CYBKitDemo */,
				01A6571B2288F3DD008108DF /* Products */,
			);
			sourceTree = "<group>";
		};
		01A6571B2288F3DD008108DF /* Products */ = {
			isa = PBXGroup;
			children = (
				01A6571A2288F3DD008108DF /* CYBKitDemo.app */,
			);
			name = Products;
			sourceTree = "<group>";
		};
		01C2CBA8228A52B00009E0FD /* CYBKitDemo */ = {
			isa = PBXGroup;
			children = (
				01C2CBB4228A52B00009E0FD /* CYBKit */,
				01C2CBAA228A52B00009E0FD /* Assets.xcassets */,
				01C2CBA9228A52B00009E0FD /* AppDelegate.h */,
				01C2CBB1228A52B00009E0FD /* AppDelegate.m */,
				01C2CBB3228A52B00009E0FD /* ViewController.h */,
				01C2CBAB228A52B00009E0FD /* ViewController.m */,
				01C2CBAC228A52B00009E0FD /* LaunchScreen.storyboard */,
				01C2CBAE228A52B00009E0FD /* Main.storyboard */,
				01C2CBB0228A52B00009E0FD /* main.m */,
				01C2CBB2228A52B00009E0FD /* Info.plist */,
			);
			path = CYBKitDemo;
			sourceTree = "<group>";
		};
		01C2CBB4228A52B00009E0FD /* CYBKit */ = {
			isa = PBXGroup;
			children = (
				01C2CBB5228A52B00009E0FD /* CYBScrollLabel.h */,
				01C2CBB7228A52B00009E0FD /* CYBScrollLabel.m */,
				01C2CBB8228A52B00009E0FD /* CYBTextView.h */,
				01C2CBB6228A52B00009E0FD /* CYBTextView.m */,
				0118032E2297C656005AD4AA /* CYBLunBoView.h */,
				0118032F2297C656005AD4AA /* CYBLunBoView.m */,
			);
			path = CYBKit;
			sourceTree = "<group>";
		};
/* End PBXGroup section */

/* Begin PBXNativeTarget section */
		01A657192288F3DD008108DF /* CYBKitDemo */ = {
			isa = PBXNativeTarget;
			buildConfigurationList = 01A657302288F3DE008108DF /* Build configuration list for PBXNativeTarget "CYBKitDemo" */;
			buildPhases = (
				01A657162288F3DD008108DF /* Sources */,
				01A657172288F3DD008108DF /* Frameworks */,
				01A657182288F3DD008108DF /* Resources */,
			);
			buildRules = (
			);
			dependencies = (
			);
			name = CYBKitDemo;
			productName = ScollLabelDemo;
			productReference = 01A6571A2288F3DD008108DF /* CYBKitDemo.app */;
			productType = "com.apple.product-type.application";
		};
/* End PBXNativeTarget section */

/* Begin PBXProject section */
		01A657122288F3DD008108DF /* Project object */ = {
			isa = PBXProject;
			attributes = {
				LastUpgradeCheck = 1020;
				ORGANIZATIONNAME = "曾洪磊";
				TargetAttributes = {
					01A657192288F3DD008108DF = {
						CreatedOnToolsVersion = 10.2;
					};
				};
			};
			buildConfigurationList = 01A657152288F3DD008108DF /* Build configuration list for PBXProject "CYBKitDemo" */;
			compatibilityVersion = "Xcode 9.3";
			developmentRegion = en;
			hasScannedForEncodings = 0;
			knownRegions = (
				en,
				Base,
			);
			mainGroup = 01A657112288F3DD008108DF;
			productRefGroup = 01A6571B2288F3DD008108DF /* Products */;
			projectDirPath = "";
			projectRoot = "";
			targets = (
				01A657192288F3DD008108DF /* CYBKitDemo */,
			);
		};
/* End PBXProject section */

/* Begin PBXResourcesBuildPhase section */
		01A657182288F3DD008108DF /* Resources */ = {
			isa = PBXResourcesBuildPhase;
			buildActionMask = 2147483647;
			files = (
				01C2CBBC228A52B00009E0FD /* Main.storyboard in Resources */,
				01C2CBB9228A52B00009E0FD /* Assets.xcassets in Resources */,
				01C2CBBB228A52B00009E0FD /* LaunchScreen.storyboard in Resources */,
			);
			runOnlyForDeploymentPostprocessing = 0;
		};
/* End PBXResourcesBuildPhase section */

/* Begin PBXSourcesBuildPhase section */
		01A657162288F3DD008108DF /* Sources */ = {
			isa = PBXSourcesBuildPhase;
			buildActionMask = 2147483647;
			files = (
				01C2CBBD228A52B00009E0FD /* main.m in Sources */,
				01C2CBBA228A52B00009E0FD /* ViewController.m in Sources */,
				01C2CBC1228A52B00009E0FD /* CYBScrollLabel.m in Sources */,
				01C2CBC0228A52B00009E0FD /* CYBTextView.m in Sources */,
				011803302297C656005AD4AA /* CYBLunBoView.m in Sources */,
				01C2CBBE228A52B00009E0FD /* AppDelegate.m in Sources */,
			);
			runOnlyForDeploymentPostprocessing = 0;
		};
/* End PBXSourcesBuildPhase section */

/* Begin PBXVariantGroup section */
		01C2CBAC228A52B00009E0FD /* LaunchScreen.storyboard */ = {
			isa = PBXVariantGroup;
			children = (
				01C2CBAD228A52B00009E0FD /* Base */,
			);
			name = LaunchScreen.storyboard;
			sourceTree = "<group>";
		};
		01C2CBAE228A52B00009E0FD /* Main.storyboard */ = {
			isa = PBXVariantGroup;
			children = (
				01C2CBAF228A52B00009E0FD /* Base */,
			);
			name = Main.storyboard;
			sourceTree = "<group>";
		};
/* End PBXVariantGroup section */

/* Begin XCBuildConfiguration section */
		01A6572E2288F3DE008108DF /* Debug */ = {
			isa = XCBuildConfiguration;
			buildSettings = {
				ALWAYS_SEARCH_USER_PATHS = NO;
				CLANG_ANALYZER_NONNULL = YES;
				CLANG_ANALYZER_NUMBER_OBJECT_CONVERSION = YES_AGGRESSIVE;
				CLANG_CXX_LANGUAGE_STANDARD = "gnu++14";
				CLANG_CXX_LIBRARY = "libc++";
				CLANG_ENABLE_MODULES = YES;
				CLANG_ENABLE_OBJC_ARC = YES;
				CLANG_ENABLE_OBJC_WEAK = YES;
				CLANG_WARN_BLOCK_CAPTURE_AUTORELEASING = YES;
				CLANG_WARN_BOOL_CONVERSION = YES;
				CLANG_WARN_COMMA = YES;
				CLANG_WARN_CONSTANT_CONVERSION = YES;
				CLANG_WARN_DEPRECATED_OBJC_IMPLEMENTATIONS = YES;
				CLANG_WARN_DIRECT_OBJC_ISA_USAGE = YES_ERROR;
				CLANG_WARN_DOCUMENTATION_COMMENTS = YES;
				CLANG_WARN_EMPTY_BODY = YES;
				CLANG_WARN_ENUM_CONVERSION = YES;
				CLANG_WARN_INFINITE_RECURSION = YES;
				CLANG_WARN_INT_CONVERSION = YES;
				CLANG_WARN_NON_LITERAL_NULL_CONVERSION = YES;
				CLANG_WARN_OBJC_IMPLICIT_RETAIN_SELF = YES;
				CLANG_WARN_OBJC_LITERAL_CONVERSION = YES;
				CLANG_WARN_OBJC_ROOT_CLASS = YES_ERROR;
				CLANG_WARN_RANGE_LOOP_ANALYSIS = YES;
				CLANG_WARN_STRICT_PROTOTYPES = YES;
				CLANG_WARN_SUSPICIOUS_MOVE = YES;
				CLANG_WARN_UNGUARDED_AVAILABILITY = YES_AGGRESSIVE;
				CLANG_WARN_UNREACHABLE_CODE = YES;
				CLANG_WARN__DUPLICATE_METHOD_MATCH = YES;
				CODE_SIGN_IDENTITY = "iPhone Developer";
				COPY_PHASE_STRIP = NO;
				DEBUG_INFORMATION_FORMAT = dwarf;
				ENABLE_STRICT_OBJC_MSGSEND = YES;
				ENABLE_TESTABILITY = YES;
				GCC_C_LANGUAGE_STANDARD = gnu11;
				GCC_DYNAMIC_NO_PIC = NO;
				GCC_NO_COMMON_BLOCKS = YES;
				GCC_OPTIMIZATION_LEVEL = 0;
				GCC_PREPROCESSOR_DEFINITIONS = (
					"DEBUG=1",
					"$(inherited)",
				);
				GCC_WARN_64_TO_32_BIT_CONVERSION = YES;
				GCC_WARN_ABOUT_RETURN_TYPE = YES_ERROR;
				GCC_WARN_UNDECLARED_SELECTOR = YES;
				GCC_WARN_UNINITIALIZED_AUTOS = YES_AGGRESSIVE;
				GCC_WARN_UNUSED_FUNCTION = YES;
				GCC_WARN_UNUSED_VARIABLE = YES;
				IPHONEOS_DEPLOYMENT_TARGET = 12.2;
				MTL_ENABLE_DEBUG_INFO = INCLUDE_SOURCE;
				MTL_FAST_MATH = YES;
				ONLY_ACTIVE_ARCH = YES;
				SDKROOT = iphoneos;
			};
			name = Debug;
		};
		01A6572F2288F3DE008108DF /* Release */ = {
			isa = XCBuildConfiguration;
			buildSettings = {
				ALWAYS_SEARCH_USER_PATHS = NO;
				CLANG_ANALYZER_NONNULL = YES;
				CLANG_ANALYZER_NUMBER_OBJECT_CONVERSION = YES_AGGRESSIVE;
				CLANG_CXX_LANGUAGE_STANDARD = "gnu++14";
				CLANG_CXX_LIBRARY = "libc++";
				CLANG_ENABLE_MODULES = YES;
				CLANG_ENABLE_OBJC_ARC = YES;
				CLANG_ENABLE_OBJC_WEAK = YES;
				CLANG_WARN_BLOCK_CAPTURE_AUTORELEASING = YES;
				CLANG_WARN_BOOL_CONVERSION = YES;
				CLANG_WARN_COMMA = YES;
				CLANG_WARN_CONSTANT_CONVERSION = YES;
				CLANG_WARN_DEPRECATED_OBJC_IMPLEMENTATIONS = YES;
				CLANG_WARN_DIRECT_OBJC_ISA_USAGE = YES_ERROR;
				CLANG_WARN_DOCUMENTATION_COMMENTS = YES;
				CLANG_WARN_EMPTY_BODY = YES;
				CLANG_WARN_ENUM_CONVERSION = YES;
				CLANG_WARN_INFINITE_RECURSION = YES;
				CLANG_WARN_INT_CONVERSION = YES;
				CLANG_WARN_NON_LITERAL_NULL_CONVERSION = YES;
				CLANG_WARN_OBJC_IMPLICIT_RETAIN_SELF = YES;
				CLANG_WARN_OBJC_LITERAL_CONVERSION = YES;
				CLANG_WARN_OBJC_ROOT_CLASS = YES_ERROR;
				CLANG_WARN_RANGE_LOOP_ANALYSIS = YES;
				CLANG_WARN_STRICT_PROTOTYPES = YES;
				CLANG_WARN_SUSPICIOUS_MOVE = YES;
				CLANG_WARN_UNGUARDED_AVAILABILITY = YES_AGGRESSIVE;
				CLANG_WARN_UNREACHABLE_CODE = YES;
				CLANG_WARN__DUPLICATE_METHOD_MATCH = YES;
				CODE_SIGN_IDENTITY = "iPhone Developer";
				COPY_PHASE_STRIP = NO;
				DEBUG_INFORMATION_FORMAT = "dwarf-with-dsym";
				ENABLE_NS_ASSERTIONS = NO;
				ENABLE_STRICT_OBJC_MSGSEND = YES;
				GCC_C_LANGUAGE_STANDARD = gnu11;
				GCC_NO_COMMON_BLOCKS = YES;
				GCC_WARN_64_TO_32_BIT_CONVERSION = YES;
				GCC_WARN_ABOUT_RETURN_TYPE = YES_ERROR;
				GCC_WARN_UNDECLARED_SELECTOR = YES;
				GCC_WARN_UNINITIALIZED_AUTOS = YES_AGGRESSIVE;
				GCC_WARN_UNUSED_FUNCTION = YES;
				GCC_WARN_UNUSED_VARIABLE = YES;
				IPHONEOS_DEPLOYMENT_TARGET = 12.2;
				MTL_ENABLE_DEBUG_INFO = NO;
				MTL_FAST_MATH = YES;
				SDKROOT = iphoneos;
				VALIDATE_PRODUCT = YES;
			};
			name = Release;
		};
		01A657312288F3DE008108DF /* Debug */ = {
			isa = XCBuildConfiguration;
			buildSettings = {
				ASSETCATALOG_COMPILER_APPICON_NAME = AppIcon;
				CODE_SIGN_STYLE = Automatic;
				DEVELOPMENT_TEAM = U4S4SGXKFS;
				INFOPLIST_FILE = "$(SRCROOT)/CYBKitDemo/Info.plist";
				LD_RUNPATH_SEARCH_PATHS = (
					"$(inherited)",
					"@executable_path/Frameworks",
				);
				PRODUCT_BUNDLE_IDENTIFIER = "-1111.ScollLabelDemo";
				PRODUCT_NAME = "$(TARGET_NAME)";
				TARGETED_DEVICE_FAMILY = "1,2";
			};
			name = Debug;
		};
		01A657322288F3DE008108DF /* Release */ = {
			isa = XCBuildConfiguration;
			buildSettings = {
				ASSETCATALOG_COMPILER_APPICON_NAME = AppIcon;
				CODE_SIGN_STYLE = Automatic;
				DEVELOPMENT_TEAM = U4S4SGXKFS;
				INFOPLIST_FILE = "$(SRCROOT)/CYBKitDemo/Info.plist";
				LD_RUNPATH_SEARCH_PATHS = (
					"$(inherited)",
					"@executable_path/Frameworks",
				);
				PRODUCT_BUNDLE_IDENTIFIER = "-1111.ScollLabelDemo";
				PRODUCT_NAME = "$(TARGET_NAME)";
				TARGETED_DEVICE_FAMILY = "1,2";
			};
			name = Release;
		};
/* End XCBuildConfiguration section */

/* Begin XCConfigurationList section */
		01A657152288F3DD008108DF /* Build configuration list for PBXProject "CYBKitDemo" */ = {
			isa = XCConfigurationList;
			buildConfigurations = (
				01A6572E2288F3DE008108DF /* Debug */,
				01A6572F2288F3DE008108DF /* Release */,
			);
			defaultConfigurationIsVisible = 0;
			defaultConfigurationName = Release;
		};
		01A657302288F3DE008108DF /* Build configuration list for PBXNativeTarget "CYBKitDemo" */ = {
			isa = XCConfigurationList;
			buildConfigurations = (
				01A657312288F3DE008108DF /* Debug */,
				01A657322288F3DE008108DF /* Release */,
			);
			defaultConfigurationIsVisible = 0;
			defaultConfigurationName = Release;
		};
/* End XCConfigurationList section */
	};
	rootObject = 01A657122288F3DD008108DF /* Project object */;
}
